// !$*UTF8*$!
{
	archiveVersion = 1;
	classes = {
	};
	objectVersion = 56;
	objects = {

/* Begin PBXBuildFile section */
		FC511D9F29671CAF00424F9B /* AppDelegate.swift in Sources */ = {isa = PBXBuildFile; fileRef = FC511D9E29671CAF00424F9B /* AppDelegate.swift */; };
		FC511DA129671CAF00424F9B /* SceneDelegate.swift in Sources */ = {isa = PBXBuildFile; fileRef = FC511DA029671CAF00424F9B /* SceneDelegate.swift */; };
		FC511DA329671CAF00424F9B /* ViewController.swift in Sources */ = {isa = PBXBuildFile; fileRef = FC511DA229671CAF00424F9B /* ViewController.swift */; };
		FC511DA629671CAF00424F9B /* Main.storyboard in Resources */ = {isa = PBXBuildFile; fileRef = FC511DA429671CAF00424F9B /* Main.storyboard */; };
		FC511DA829671CB000424F9B /* Assets.xcassets in Resources */ = {isa = PBXBuildFile; fileRef = FC511DA729671CB000424F9B /* Assets.xcassets */; };
		FC511DAB29671CB000424F9B /* LaunchScreen.storyboard in Resources */ = {isa = PBXBuildFile; fileRef = FC511DA929671CB000424F9B /* LaunchScreen.storyboard */; };
		FC511DB629671CB100424F9B /* POCTDDTests.swift in Sources */ = {isa = PBXBuildFile; fileRef = FC511DB529671CB100424F9B /* POCTDDTests.swift */; };
		FC511DC029671CB100424F9B /* POCTDDUITests.swift in Sources */ = {isa = PBXBuildFile; fileRef = FC511DBF29671CB100424F9B /* POCTDDUITests.swift */; };
		FC511DC229671CB100424F9B /* POCTDDUITestsLaunchTests.swift in Sources */ = {isa = PBXBuildFile; fileRef = FC511DC129671CB100424F9B /* POCTDDUITestsLaunchTests.swift */; };
		FC511DCF29687A8200424F9B /* MoneyFormatter.swift in Sources */ = {isa = PBXBuildFile; fileRef = FC511DCE29687A8200424F9B /* MoneyFormatter.swift */; };
		FC511DD1296C78CA00424F9B /* BudgetTests.swift in Sources */ = {isa = PBXBuildFile; fileRef = FC511DD0296C78CA00424F9B /* BudgetTests.swift */; };
		FC511DD3296C79B500424F9B /* Budget.swift in Sources */ = {isa = PBXBuildFile; fileRef = FC511DD2296C79B500424F9B /* Budget.swift */; };
/* End PBXBuildFile section */

/* Begin PBXContainerItemProxy section */
		FC511DB229671CB100424F9B /* PBXContainerItemProxy */ = {
			isa = PBXContainerItemProxy;
			containerPortal = FC511D9329671CAF00424F9B /* Project object */;
			proxyType = 1;
			remoteGlobalIDString = FC511D9A29671CAF00424F9B;
			remoteInfo = POCTDD;
		};
		FC511DBC29671CB100424F9B /* PBXContainerItemProxy */ = {
			isa = PBXContainerItemProxy;
			containerPortal = FC511D9329671CAF00424F9B /* Project object */;
			proxyType = 1;
			remoteGlobalIDString = FC511D9A29671CAF00424F9B;
			remoteInfo = POCTDD;
		};
/* End PBXContainerItemProxy section */

/* Begin PBXFileReference section */
		FC511D9B29671CAF00424F9B /* POCTDD.app */ = {isa = PBXFileReference; explicitFileType = wrapper.application; includeInIndex = 0; path = POCTDD.app; sourceTree = BUILT_PRODUCTS_DIR; };
		FC511D9E29671CAF00424F9B /* AppDelegate.swift */ = {isa = PBXFileReference; lastKnownFileType = sourcecode.swift; path = AppDelegate.swift; sourceTree = "<group>"; };
		FC511DA029671CAF00424F9B /* SceneDelegate.swift */ = {isa = PBXFileReference; lastKnownFileType = sourcecode.swift; path = SceneDelegate.swift; sourceTree = "<group>"; };
		FC511DA229671CAF00424F9B /* ViewController.swift */ = {isa = PBXFileReference; lastKnownFileType = sourcecode.swift; path = ViewController.swift; sourceTree = "<group>"; };
		FC511DA529671CAF00424F9B /* Base */ = {isa = PBXFileReference; lastKnownFileType = file.storyboard; name = Base; path = Base.lproj/Main.storyboard; sourceTree = "<group>"; };
		FC511DA729671CB000424F9B /* Assets.xcassets */ = {isa = PBXFileReference; lastKnownFileType = folder.assetcatalog; path = Assets.xcassets; sourceTree = "<group>"; };
		FC511DAA29671CB000424F9B /* Base */ = {isa = PBXFileReference; lastKnownFileType = file.storyboard; name = Base; path = Base.lproj/LaunchScreen.storyboard; sourceTree = "<group>"; };
		FC511DAC29671CB000424F9B /* Info.plist */ = {isa = PBXFileReference; lastKnownFileType = text.plist.xml; path = Info.plist; sourceTree = "<group>"; };
		FC511DB129671CB100424F9B /* POCTDDTests.xctest */ = {isa = PBXFileReference; explicitFileType = wrapper.cfbundle; includeInIndex = 0; path = POCTDDTests.xctest; sourceTree = BUILT_PRODUCTS_DIR; };
		FC511DB529671CB100424F9B /* POCTDDTests.swift */ = {isa = PBXFileReference; lastKnownFileType = sourcecode.swift; path = POCTDDTests.swift; sourceTree = "<group>"; };
		FC511DBB29671CB100424F9B /* POCTDDUITests.xctest */ = {isa = PBXFileReference; explicitFileType = wrapper.cfbundle; includeInIndex = 0; path = POCTDDUITests.xctest; sourceTree = BUILT_PRODUCTS_DIR; };
		FC511DBF29671CB100424F9B /* POCTDDUITests.swift */ = {isa = PBXFileReference; lastKnownFileType = sourcecode.swift; path = POCTDDUITests.swift; sourceTree = "<group>"; };
		FC511DC129671CB100424F9B /* POCTDDUITestsLaunchTests.swift */ = {isa = PBXFileReference; lastKnownFileType = sourcecode.swift; path = POCTDDUITestsLaunchTests.swift; sourceTree = "<group>"; };
		FC511DCE29687A8200424F9B /* MoneyFormatter.swift */ = {isa = PBXFileReference; lastKnownFileType = sourcecode.swift; path = MoneyFormatter.swift; sourceTree = "<group>"; };
		FC511DD0296C78CA00424F9B /* BudgetTests.swift */ = {isa = PBXFileReference; lastKnownFileType = sourcecode.swift; path = BudgetTests.swift; sourceTree = "<group>"; };
		FC511DD2296C79B500424F9B /* Budget.swift */ = {isa = PBXFileReference; lastKnownFileType = sourcecode.swift; path = Budget.swift; sourceTree = "<group>"; };
/* End PBXFileReference section */

/* Begin PBXFrameworksBuildPhase section */
		FC511D9829671CAF00424F9B /* Frameworks */ = {
			isa = PBXFrameworksBuildPhase;
			buildActionMask = 2147483647;
			files = (
			);
			runOnlyForDeploymentPostprocessing = 0;
		};
		FC511DAE29671CB100424F9B /* Frameworks */ = {
			isa = PBXFrameworksBuildPhase;
			buildActionMask = 2147483647;
			files = (
			);
			runOnlyForDeploymentPostprocessing = 0;
		};
		FC511DB829671CB100424F9B /* Frameworks */ = {
			isa = PBXFrameworksBuildPhase;
			buildActionMask = 2147483647;
			files = (
			);
			runOnlyForDeploymentPostprocessing = 0;
		};
/* End PBXFrameworksBuildPhase section */

/* Begin PBXGroup section */
		FC511D9229671CAF00424F9B = {
			isa = PBXGroup;
			children = (
				FC511D9D29671CAF00424F9B /* POCTDD */,
				FC511DB429671CB100424F9B /* POCTDDTests */,
				FC511DBE29671CB100424F9B /* POCTDDUITests */,
				FC511D9C29671CAF00424F9B /* Products */,
			);
			sourceTree = "<group>";
		};
		FC511D9C29671CAF00424F9B /* Products */ = {
			isa = PBXGroup;
			children = (
				FC511D9B29671CAF00424F9B /* POCTDD.app */,
				FC511DB129671CB100424F9B /* POCTDDTests.xctest */,
				FC511DBB29671CB100424F9B /* POCTDDUITests.xctest */,
			);
			name = Products;
			sourceTree = "<group>";
		};
		FC511D9D29671CAF00424F9B /* POCTDD */ = {
			isa = PBXGroup;
			children = (
				FC511D9E29671CAF00424F9B /* AppDelegate.swift */,
				FC511DA029671CAF00424F9B /* SceneDelegate.swift */,
				FC511DA229671CAF00424F9B /* ViewController.swift */,
				FC511DA429671CAF00424F9B /* Main.storyboard */,
				FC511DA729671CB000424F9B /* Assets.xcassets */,
				FC511DA929671CB000424F9B /* LaunchScreen.storyboard */,
				FC511DAC29671CB000424F9B /* Info.plist */,
				FC511DCE29687A8200424F9B /* MoneyFormatter.swift */,
				FC511DD2296C79B500424F9B /* Budget.swift */,
			);
			path = POCTDD;
			sourceTree = "<group>";
		};
		FC511DB429671CB100424F9B /* POCTDDTests */ = {
			isa = PBXGroup;
			children = (
				FC511DB529671CB100424F9B /* POCTDDTests.swift */,
				FC511DD0296C78CA00424F9B /* BudgetTests.swift */,
			);
			path = POCTDDTests;
			sourceTree = "<group>";
		};
		FC511DBE29671CB100424F9B /* POCTDDUITests */ = {
			isa = PBXGroup;
			children = (
				FC511DBF29671CB100424F9B /* POCTDDUITests.swift */,
				FC511DC129671CB100424F9B /* POCTDDUITestsLaunchTests.swift */,
			);
			path = POCTDDUITests;
			sourceTree = "<group>";
		};
/* End PBXGroup section */

/* Begin PBXNativeTarget section */
		FC511D9A29671CAF00424F9B /* POCTDD */ = {
			isa = PBXNativeTarget;
			buildConfigurationList = FC511DC529671CB100424F9B /* Build configuration list for PBXNativeTarget "POCTDD" */;
			buildPhases = (
				FC511D9729671CAF00424F9B /* Sources */,
				FC511D9829671CAF00424F9B /* Frameworks */,
				FC511D9929671CAF00424F9B /* Resources */,
			);
			buildRules = (
			);
			dependencies = (
			);
			name = POCTDD;
			productName = POCTDD;
			productReference = FC511D9B29671CAF00424F9B /* POCTDD.app */;
			productType = "com.apple.product-type.application";
		};
		FC511DB029671CB100424F9B /* POCTDDTests */ = {
			isa = PBXNativeTarget;
			buildConfigurationList = FC511DC829671CB100424F9B /* Build configuration list for PBXNativeTarget "POCTDDTests" */;
			buildPhases = (
				FC511DAD29671CB100424F9B /* Sources */,
				FC511DAE29671CB100424F9B /* Frameworks */,
				FC511DAF29671CB100424F9B /* Resources */,
			);
			buildRules = (
			);
			dependencies = (
				FC511DB329671CB100424F9B /* PBXTargetDependency */,
			);
			name = POCTDDTests;
			productName = POCTDDTests;
			productReference = FC511DB129671CB100424F9B /* POCTDDTests.xctest */;
			productType = "com.apple.product-type.bundle.unit-test";
		};
		FC511DBA29671CB100424F9B /* POCTDDUITests */ = {
			isa = PBXNativeTarget;
			buildConfigurationList = FC511DCB29671CB100424F9B /* Build configuration list for PBXNativeTarget "POCTDDUITests" */;
			buildPhases = (
				FC511DB729671CB100424F9B /* Sources */,
				FC511DB829671CB100424F9B /* Frameworks */,
				FC511DB929671CB100424F9B /* Resources */,
			);
			buildRules = (
			);
			dependencies = (
				FC511DBD29671CB100424F9B /* PBXTargetDependency */,
			);
			name = POCTDDUITests;
			productName = POCTDDUITests;
			productReference = FC511DBB29671CB100424F9B /* POCTDDUITests.xctest */;
			productType = "com.apple.product-type.bundle.ui-testing";
		};
/* End PBXNativeTarget section */

/* Begin PBXProject section */
		FC511D9329671CAF00424F9B /* Project object */ = {
			isa = PBXProject;
			attributes = {
				BuildIndependentTargetsInParallel = 1;
				LastSwiftUpdateCheck = 1420;
				LastUpgradeCheck = 1420;
				TargetAttributes = {
					FC511D9A29671CAF00424F9B = {
						CreatedOnToolsVersion = 14.2;
					};
					FC511DB029671CB100424F9B = {
						CreatedOnToolsVersion = 14.2;
						TestTargetID = FC511D9A29671CAF00424F9B;
					};
					FC511DBA29671CB100424F9B = {
						CreatedOnToolsVersion = 14.2;
						TestTargetID = FC511D9A29671CAF00424F9B;
					};
				};
			};
			buildConfigurationList = FC511D9629671CAF00424F9B /* Build configuration list for PBXProject "POCTDD" */;
			compatibilityVersion = "Xcode 14.0";
			developmentRegion = en;
			hasScannedForEncodings = 0;
			knownRegions = (
				en,
				Base,
			);
			mainGroup = FC511D9229671CAF00424F9B;
			productRefGroup = FC511D9C29671CAF00424F9B /* Products */;
			projectDirPath = "";
			projectRoot = "";
			targets = (
				FC511D9A29671CAF00424F9B /* POCTDD */,
				FC511DB029671CB100424F9B /* POCTDDTests */,
				FC511DBA29671CB100424F9B /* POCTDDUITests */,
			);
		};
/* End PBXProject section */

/* Begin PBXResourcesBuildPhase section */
		FC511D9929671CAF00424F9B /* Resources */ = {
			isa = PBXResourcesBuildPhase;
			buildActionMask = 2147483647;
			files = (
				FC511DAB29671CB000424F9B /* LaunchScreen.storyboard in Resources */,
				FC511DA829671CB000424F9B /* Assets.xcassets in Resources */,
				FC511DA629671CAF00424F9B /* Main.storyboard in Resources */,
			);
			runOnlyForDeploymentPostprocessing = 0;
		};
		FC511DAF29671CB100424F9B /* Resources */ = {
			isa = PBXResourcesBuildPhase;
			buildActionMask = 2147483647;
			files = (
			);
			runOnlyForDeploymentPostprocessing = 0;
		};
		FC511DB929671CB100424F9B /* Resources */ = {
			isa = PBXResourcesBuildPhase;
			buildActionMask = 2147483647;
			files = (
			);
			runOnlyForDeploymentPostprocessing = 0;
		};
/* End PBXResourcesBuildPhase section */

/* Begin PBXSourcesBuildPhase section */
		FC511D9729671CAF00424F9B /* Sources */ = {
			isa = PBXSourcesBuildPhase;
			buildActionMask = 2147483647;
			files = (
				FC511DA329671CAF00424F9B /* ViewController.swift in Sources */,
				FC511D9F29671CAF00424F9B /* AppDelegate.swift in Sources */,
				FC511DD3296C79B500424F9B /* Budget.swift in Sources */,
				FC511DA129671CAF00424F9B /* SceneDelegate.swift in Sources */,
				FC511DCF29687A8200424F9B /* MoneyFormatter.swift in Sources */,
			);
			runOnlyForDeploymentPostprocessing = 0;
		};
		FC511DAD29671CB100424F9B /* Sources */ = {
			isa = PBXSourcesBuildPhase;
			buildActionMask = 2147483647;
			files = (
				FC511DD1296C78CA00424F9B /* BudgetTests.swift in Sources */,
				FC511DB629671CB100424F9B /* POCTDDTests.swift in Sources */,
			);
			runOnlyForDeploymentPostprocessing = 0;
		};
		FC511DB729671CB100424F9B /* Sources */ = {
			isa = PBXSourcesBuildPhase;
			buildActionMask = 2147483647;
			files = (
				FC511DC229671CB100424F9B /* POCTDDUITestsLaunchTests.swift in Sources */,
				FC511DC029671CB100424F9B /* POCTDDUITests.swift in Sources */,
			);
			runOnlyForDeploymentPostprocessing = 0;
		};
/* End PBXSourcesBuildPhase section */

/* Begin PBXTargetDependency section */
		FC511DB329671CB100424F9B /* PBXTargetDependency */ = {
			isa = PBXTargetDependency;
			target = FC511D9A29671CAF00424F9B /* POCTDD */;
			targetProxy = FC511DB229671CB100424F9B /* PBXContainerItemProxy */;
		};
		FC511DBD29671CB100424F9B /* PBXTargetDependency */ = {
			isa = PBXTargetDependency;
			target = FC511D9A29671CAF00424F9B /* POCTDD */;
			targetProxy = FC511DBC29671CB100424F9B /* PBXContainerItemProxy */;
		};
/* End PBXTargetDependency section */

/* Begin PBXVariantGroup section */
		FC511DA429671CAF00424F9B /* Main.storyboard */ = {
			isa = PBXVariantGroup;
			children = (
				FC511DA529671CAF00424F9B /* Base */,
			);
			name = Main.storyboard;
			sourceTree = "<group>";
		};
		FC511DA929671CB000424F9B /* LaunchScreen.storyboard */ = {
			isa = PBXVariantGroup;
			children = (
				FC511DAA29671CB000424F9B /* Base */,
			);
			name = LaunchScreen.storyboard;
			sourceTree = "<group>";
		};
/* End PBXVariantGroup section */

/* Begin XCBuildConfiguration section */
		FC511DC329671CB100424F9B /* Debug */ = {
			isa = XCBuildConfiguration;
			buildSettings = {
				ALWAYS_SEARCH_USER_PATHS = NO;
				CLANG_ANALYZER_NONNULL = YES;
				CLANG_ANALYZER_NUMBER_OBJECT_CONVERSION = YES_AGGRESSIVE;
				CLANG_CXX_LANGUAGE_STANDARD = "gnu++20";
				CLANG_ENABLE_MODULES = YES;
				CLANG_ENABLE_OBJC_ARC = YES;
				CLANG_ENABLE_OBJC_WEAK = YES;
				CLANG_WARN_BLOCK_CAPTURE_AUTORELEASING = YES;
				CLANG_WARN_BOOL_CONVERSION = YES;
				CLANG_WARN_COMMA = YES;
				CLANG_WARN_CONSTANT_CONVERSION = YES;
				CLANG_WARN_DEPRECATED_OBJC_IMPLEMENTATIONS = YES;
				CLANG_WARN_DIRECT_OBJC_ISA_USAGE = YES_ERROR;
				CLANG_WARN_DOCUMENTATION_COMMENTS = YES;
				CLANG_WARN_EMPTY_BODY = YES;
				CLANG_WARN_ENUM_CONVERSION = YES;
				CLANG_WARN_INFINITE_RECURSION = YES;
				CLANG_WARN_INT_CONVERSION = YES;
				CLANG_WARN_NON_LITERAL_NULL_CONVERSION = YES;
				CLANG_WARN_OBJC_IMPLICIT_RETAIN_SELF = YES;
				CLANG_WARN_OBJC_LITERAL_CONVERSION = YES;
				CLANG_WARN_OBJC_ROOT_CLASS = YES_ERROR;
				CLANG_WARN_QUOTED_INCLUDE_IN_FRAMEWORK_HEADER = YES;
				CLANG_WARN_RANGE_LOOP_ANALYSIS = YES;
				CLANG_WARN_STRICT_PROTOTYPES = YES;
				CLANG_WARN_SUSPICIOUS_MOVE = YES;
				CLANG_WARN_UNGUARDED_AVAILABILITY = YES_AGGRESSIVE;
				CLANG_WARN_UNREACHABLE_CODE = YES;
				CLANG_WARN__DUPLICATE_METHOD_MATCH = YES;
				COPY_PHASE_STRIP = NO;
				DEBUG_INFORMATION_FORMAT = dwarf;
				ENABLE_STRICT_OBJC_MSGSEND = YES;
				ENABLE_TESTABILITY = YES;
				GCC_C_LANGUAGE_STANDARD = gnu11;
				GCC_DYNAMIC_NO_PIC = NO;
				GCC_NO_COMMON_BLOCKS = YES;
				GCC_OPTIMIZATION_LEVEL = 0;
				GCC_PREPROCESSOR_DEFINITIONS = (
					"DEBUG=1",
					"$(inherited)",
				);
				GCC_WARN_64_TO_32_BIT_CONVERSION = YES;
				GCC_WARN_ABOUT_RETURN_TYPE = YES_ERROR;
				GCC_WARN_UNDECLARED_SELECTOR = YES;
				GCC_WARN_UNINITIALIZED_AUTOS = YES_AGGRESSIVE;
				GCC_WARN_UNUSED_FUNCTION = YES;
				GCC_WARN_UNUSED_VARIABLE = YES;
				IPHONEOS_DEPLOYMENT_TARGET = 16.2;
				MTL_ENABLE_DEBUG_INFO = INCLUDE_SOURCE;
				MTL_FAST_MATH = YES;
				ONLY_ACTIVE_ARCH = YES;
				SDKROOT = iphoneos;
				SWIFT_ACTIVE_COMPILATION_CONDITIONS = DEBUG;
				SWIFT_OPTIMIZATION_LEVEL = "-Onone";
			};
			name = Debug;
		};
		FC511DC429671CB100424F9B /* Release */ = {
			isa = XCBuildConfiguration;
			buildSettings = {
				ALWAYS_SEARCH_USER_PATHS = NO;
				CLANG_ANALYZER_NONNULL = YES;
				CLANG_ANALYZER_NUMBER_OBJECT_CONVERSION = YES_AGGRESSIVE;
				CLANG_CXX_LANGUAGE_STANDARD = "gnu++20";
				CLANG_ENABLE_MODULES = YES;
				CLANG_ENABLE_OBJC_ARC = YES;
				CLANG_ENABLE_OBJC_WEAK = YES;
				CLANG_WARN_BLOCK_CAPTURE_AUTORELEASING = YES;
				CLANG_WARN_BOOL_CONVERSION = YES;
				CLANG_WARN_COMMA = YES;
				CLANG_WARN_CONSTANT_CONVERSION = YES;
				CLANG_WARN_DEPRECATED_OBJC_IMPLEMENTATIONS = YES;
				CLANG_WARN_DIRECT_OBJC_ISA_USAGE = YES_ERROR;
				CLANG_WARN_DOCUMENTATION_COMMENTS = YES;
				CLANG_WARN_EMPTY_BODY = YES;
				CLANG_WARN_ENUM_CONVERSION = YES;
				CLANG_WARN_INFINITE_RECURSION = YES;
				CLANG_WARN_INT_CONVERSION = YES;
				CLANG_WARN_NON_LITERAL_NULL_CONVERSION = YES;
				CLANG_WARN_OBJC_IMPLICIT_RETAIN_SELF = YES;
				CLANG_WARN_OBJC_LITERAL_CONVERSION = YES;
				CLANG_WARN_OBJC_ROOT_CLASS = YES_ERROR;
				CLANG_WARN_QUOTED_INCLUDE_IN_FRAMEWORK_HEADER = YES;
				CLANG_WARN_RANGE_LOOP_ANALYSIS = YES;
				CLANG_WARN_STRICT_PROTOTYPES = YES;
				CLANG_WARN_SUSPICIOUS_MOVE = YES;
				CLANG_WARN_UNGUARDED_AVAILABILITY = YES_AGGRESSIVE;
				CLANG_WARN_UNREACHABLE_CODE = YES;
				CLANG_WARN__DUPLICATE_METHOD_MATCH = YES;
				COPY_PHASE_STRIP = NO;
				DEBUG_INFORMATION_FORMAT = "dwarf-with-dsym";
				ENABLE_NS_ASSERTIONS = NO;
				ENABLE_STRICT_OBJC_MSGSEND = YES;
				GCC_C_LANGUAGE_STANDARD = gnu11;
				GCC_NO_COMMON_BLOCKS = YES;
				GCC_WARN_64_TO_32_BIT_CONVERSION = YES;
				GCC_WARN_ABOUT_RETURN_TYPE = YES_ERROR;
				GCC_WARN_UNDECLARED_SELECTOR = YES;
				GCC_WARN_UNINITIALIZED_AUTOS = YES_AGGRESSIVE;
				GCC_WARN_UNUSED_FUNCTION = YES;
				GCC_WARN_UNUSED_VARIABLE = YES;
				IPHONEOS_DEPLOYMENT_TARGET = 16.2;
				MTL_ENABLE_DEBUG_INFO = NO;
				MTL_FAST_MATH = YES;
				SDKROOT = iphoneos;
				SWIFT_COMPILATION_MODE = wholemodule;
				SWIFT_OPTIMIZATION_LEVEL = "-O";
				VALIDATE_PRODUCT = YES;
			};
			name = Release;
		};
		FC511DC629671CB100424F9B /* Debug */ = {
			isa = XCBuildConfiguration;
			buildSettings = {
				ASSETCATALOG_COMPILER_APPICON_NAME = AppIcon;
				ASSETCATALOG_COMPILER_GLOBAL_ACCENT_COLOR_NAME = AccentColor;
				CODE_SIGN_STYLE = Automatic;
				CURRENT_PROJECT_VERSION = 1;
				DEVELOPMENT_TEAM = V7A578M95D;
				GENERATE_INFOPLIST_FILE = YES;
				INFOPLIST_FILE = POCTDD/Info.plist;
				INFOPLIST_KEY_UIApplicationSupportsIndirectInputEvents = YES;
				INFOPLIST_KEY_UILaunchStoryboardName = LaunchScreen;
				INFOPLIST_KEY_UIMainStoryboardFile = Main;
				INFOPLIST_KEY_UISupportedInterfaceOrientations_iPad = "UIInterfaceOrientationPortrait UIInterfaceOrientationPortraitUpsideDown UIInterfaceOrientationLandscapeLeft UIInterfaceOrientationLandscapeRight";
				INFOPLIST_KEY_UISupportedInterfaceOrientations_iPhone = "UIInterfaceOrientationPortrait UIInterfaceOrientationLandscapeLeft UIInterfaceOrientationLandscapeRight";
				LD_RUNPATH_SEARCH_PATHS = (
					"$(inherited)",
					"@executable_path/Frameworks",
				);
				MARKETING_VERSION = 1.0;
				PRODUCT_BUNDLE_IDENTIFIER = com.lucasbrbs.POCTDD;
				PRODUCT_NAME = "$(TARGET_NAME)";
				SWIFT_EMIT_LOC_STRINGS = YES;
				SWIFT_VERSION = 5.0;
				TARGETED_DEVICE_FAMILY = "1,2";
			};
			name = Debug;
		};
		FC511DC729671CB100424F9B /* Release */ = {
			isa = XCBuildConfiguration;
			buildSettings = {
				ASSETCATALOG_COMPILER_APPICON_NAME = AppIcon;
				ASSETCATALOG_COMPILER_GLOBAL_ACCENT_COLOR_NAME = AccentColor;
				CODE_SIGN_STYLE = Automatic;
				CURRENT_PROJECT_VERSION = 1;
				DEVELOPMENT_TEAM = V7A578M95D;
				GENERATE_INFOPLIST_FILE = YES;
				INFOPLIST_FILE = POCTDD/Info.plist;
				INFOPLIST_KEY_UIApplicationSupportsIndirectInputEvents = YES;
				INFOPLIST_KEY_UILaunchStoryboardName = LaunchScreen;
				INFOPLIST_KEY_UIMainStoryboardFile = Main;
				INFOPLIST_KEY_UISupportedInterfaceOrientations_iPad = "UIInterfaceOrientationPortrait UIInterfaceOrientationPortraitUpsideDown UIInterfaceOrientationLandscapeLeft UIInterfaceOrientationLandscapeRight";
				INFOPLIST_KEY_UISupportedInterfaceOrientations_iPhone = "UIInterfaceOrientationPortrait UIInterfaceOrientationLandscapeLeft UIInterfaceOrientationLandscapeRight";
				LD_RUNPATH_SEARCH_PATHS = (
					"$(inherited)",
					"@executable_path/Frameworks",
				);
				MARKETING_VERSION = 1.0;
				PRODUCT_BUNDLE_IDENTIFIER = com.lucasbrbs.POCTDD;
				PRODUCT_NAME = "$(TARGET_NAME)";
				SWIFT_EMIT_LOC_STRINGS = YES;
				SWIFT_VERSION = 5.0;
				TARGETED_DEVICE_FAMILY = "1,2";
			};
			name = Release;
		};
		FC511DC929671CB100424F9B /* Debug */ = {
			isa = XCBuildConfiguration;
			buildSettings = {
				ALWAYS_EMBED_SWIFT_STANDARD_LIBRARIES = YES;
				BUNDLE_LOADER = "$(TEST_HOST)";
				CODE_SIGN_STYLE = Automatic;
				CURRENT_PROJECT_VERSION = 1;
				DEVELOPMENT_TEAM = V7A578M95D;
				GENERATE_INFOPLIST_FILE = YES;
				IPHONEOS_DEPLOYMENT_TARGET = 16.2;
				MARKETING_VERSION = 1.0;
				PRODUCT_BUNDLE_IDENTIFIER = com.lucasbrbs.POCTDDTests;
				PRODUCT_NAME = "$(TARGET_NAME)";
				SWIFT_EMIT_LOC_STRINGS = NO;
				SWIFT_VERSION = 5.0;
				TARGETED_DEVICE_FAMILY = "1,2";
				TEST_HOST = "$(BUILT_PRODUCTS_DIR)/POCTDD.app/$(BUNDLE_EXECUTABLE_FOLDER_PATH)/POCTDD";
			};
			name = Debug;
		};
		FC511DCA29671CB100424F9B /* Release */ = {
			isa = XCBuildConfiguration;
			buildSettings = {
				ALWAYS_EMBED_SWIFT_STANDARD_LIBRARIES = YES;
				BUNDLE_LOADER = "$(TEST_HOST)";
				CODE_SIGN_STYLE = Automatic;
				CURRENT_PROJECT_VERSION = 1;
				DEVELOPMENT_TEAM = V7A578M95D;
				GENERATE_INFOPLIST_FILE = YES;
				IPHONEOS_DEPLOYMENT_TARGET = 16.2;
				MARKETING_VERSION = 1.0;
				PRODUCT_BUNDLE_IDENTIFIER = com.lucasbrbs.POCTDDTests;
				PRODUCT_NAME = "$(TARGET_NAME)";
				SWIFT_EMIT_LOC_STRINGS = NO;
				SWIFT_VERSION = 5.0;
				TARGETED_DEVICE_FAMILY = "1,2";
				TEST_HOST = "$(BUILT_PRODUCTS_DIR)/POCTDD.app/$(BUNDLE_EXECUTABLE_FOLDER_PATH)/POCTDD";
			};
			name = Release;
		};
		FC511DCC29671CB100424F9B /* Debug */ = {
			isa = XCBuildConfiguration;
			buildSettings = {
				ALWAYS_EMBED_SWIFT_STANDARD_LIBRARIES = YES;
				CODE_SIGN_STYLE = Automatic;
				CURRENT_PROJECT_VERSION = 1;
				DEVELOPMENT_TEAM = V7A578M95D;
				GENERATE_INFOPLIST_FILE = YES;
				MARKETING_VERSION = 1.0;
				PRODUCT_BUNDLE_IDENTIFIER = com.lucasbrbs.POCTDDUITests;
				PRODUCT_NAME = "$(TARGET_NAME)";
				SWIFT_EMIT_LOC_STRINGS = NO;
				SWIFT_VERSION = 5.0;
				TARGETED_DEVICE_FAMILY = "1,2";
				TEST_TARGET_NAME = POCTDD;
			};
			name = Debug;
		};
		FC511DCD29671CB100424F9B /* Release */ = {
			isa = XCBuildConfiguration;
			buildSettings = {
				ALWAYS_EMBED_SWIFT_STANDARD_LIBRARIES = YES;
				CODE_SIGN_STYLE = Automatic;
				CURRENT_PROJECT_VERSION = 1;
				DEVELOPMENT_TEAM = V7A578M95D;
				GENERATE_INFOPLIST_FILE = YES;
				MARKETING_VERSION = 1.0;
				PRODUCT_BUNDLE_IDENTIFIER = com.lucasbrbs.POCTDDUITests;
				PRODUCT_NAME = "$(TARGET_NAME)";
				SWIFT_EMIT_LOC_STRINGS = NO;
				SWIFT_VERSION = 5.0;
				TARGETED_DEVICE_FAMILY = "1,2";
				TEST_TARGET_NAME = POCTDD;
			};
			name = Release;
		};
/* End XCBuildConfiguration section */

/* Begin XCConfigurationList section */
		FC511D9629671CAF00424F9B /* Build configuration list for PBXProject "POCTDD" */ = {
			isa = XCConfigurationList;
			buildConfigurations = (
				FC511DC329671CB100424F9B /* Debug */,
				FC511DC429671CB100424F9B /* Release */,
			);
			defaultConfigurationIsVisible = 0;
			defaultConfigurationName = Release;
		};
		FC511DC529671CB100424F9B /* Build configuration list for PBXNativeTarget "POCTDD" */ = {
			isa = XCConfigurationList;
			buildConfigurations = (
				FC511DC629671CB100424F9B /* Debug */,
				FC511DC729671CB100424F9B /* Release */,
			);
			defaultConfigurationIsVisible = 0;
			defaultConfigurationName = Release;
		};
		FC511DC829671CB100424F9B /* Build configuration list for PBXNativeTarget "POCTDDTests" */ = {
			isa = XCConfigurationList;
			buildConfigurations = (
				FC511DC929671CB100424F9B /* Debug */,
				FC511DCA29671CB100424F9B /* Release */,
			);
			defaultConfigurationIsVisible = 0;
			defaultConfigurationName = Release;
		};
		FC511DCB29671CB100424F9B /* Build configuration list for PBXNativeTarget "POCTDDUITests" */ = {
			isa = XCConfigurationList;
			buildConfigurations = (
				FC511DCC29671CB100424F9B /* Debug */,
				FC511DCD29671CB100424F9B /* Release */,
			);
			defaultConfigurationIsVisible = 0;
			defaultConfigurationName = Release;
		};
/* End XCConfigurationList section */
	};
	rootObject = FC511D9329671CAF00424F9B /* Project object */;
}
